
Microsoft Visual Studio Solution File, Format Version 12.00
# Visual Studio 2012
Project("{FAE04EC0-301F-11D3-BF4B-00C04F79EFBC}") = "Algorithms", "algorithms\Algorithms.csproj", "{5AFE0D96-8E9A-4923-801B-F08D3B11BD18}"
EndProject
Project("{FAE04EC0-301F-11D3-BF4B-00C04F79EFBC}") = "Tests", "Tests\Tests.csproj", "{8A914870-D51A-405D-B553-4FD588B50060}"
EndProject
Global
	GlobalSection(SolutionConfigurationPlatforms) = preSolution
		Debug|Any CPU = Debug|Any CPU
		Release|Any CPU = Release|Any CPU
	EndGlobalSection
	GlobalSection(ProjectConfigurationPlatforms) = postSolution
		{5AFE0D96-8E9A-4923-801B-F08D3B11BD18}.Debug|Any CPU.ActiveCfg = Debug|Any CPU
		{5AFE0D96-8E9A-4923-801B-F08D3B11BD18}.Debug|Any CPU.Build.0 = Debug|Any CPU
		{5AFE0D96-8E9A-4923-801B-F08D3B11BD18}.Release|Any CPU.ActiveCfg = Release|Any CPU
		{5AFE0D96-8E9A-4923-801B-F08D3B11BD18}.Release|Any CPU.Build.0 = Release|Any CPU
		{8A914870-D51A-405D-B553-4FD588B50060}.Debug|Any CPU.ActiveCfg = Debug|Any CPU
		{8A914870-D51A-405D-B553-4FD588B50060}.Debug|Any CPU.Build.0 = Debug|Any CPU
		{8A914870-D51A-405D-B553-4FD588B50060}.Release|Any CPU.ActiveCfg = Release|Any CPU
		{8A914870-D51A-405D-B553-4FD588B50060}.Release|Any CPU.Build.0 = Release|Any CPU
	EndGlobalSection
	GlobalSection(SolutionProperties) = preSolution
		HideSolutionNode = FALSE
	EndGlobalSection
EndGlobal
