
Microsoft Visual Studio Solution File, Format Version 12.00
# Visual Studio Version 16
VisualStudioVersion = 16.0.31229.75
MinimumVisualStudioVersion = 10.0.40219.1
Project("{FAE04EC0-301F-11D3-BF4B-00C04F79EFBC}") = "Algorithms", "Algorithms\Algorithms.csproj", "{24A903D8-5B1F-4C5F-AE4F-B42FC477CCBB}"
EndProject
Project("{FAE04EC0-301F-11D3-BF4B-00C04F79EFBC}") = "Tests", "Tests\Tests.csproj", "{084886A2-7C2E-4C6D-B4FA-85D3F830CE8C}"
EndProject
Global
	GlobalSection(SolutionConfigurationPlatforms) = preSolution
		Debug|Any CPU = Debug|Any CPU
		Release|Any CPU = Release|Any CPU
	EndGlobalSection
	GlobalSection(ProjectConfigurationPlatforms) = postSolution
		{24A903D8-5B1F-4C5F-AE4F-B42FC477CCBB}.Debug|Any CPU.ActiveCfg = Debug|Any CPU
		{24A903D8-5B1F-4C5F-AE4F-B42FC477CCBB}.Debug|Any CPU.Build.0 = Debug|Any CPU
		{24A903D8-5B1F-4C5F-AE4F-B42FC477CCBB}.Release|Any CPU.ActiveCfg = Release|Any CPU
		{24A903D8-5B1F-4C5F-AE4F-B42FC477CCBB}.Release|Any CPU.Build.0 = Release|Any CPU
		{084886A2-7C2E-4C6D-B4FA-85D3F830CE8C}.Debug|Any CPU.ActiveCfg = Debug|Any CPU
		{084886A2-7C2E-4C6D-B4FA-85D3F830CE8C}.Debug|Any CPU.Build.0 = Debug|Any CPU
		{084886A2-7C2E-4C6D-B4FA-85D3F830CE8C}.Release|Any CPU.ActiveCfg = Release|Any CPU
		{084886A2-7C2E-4C6D-B4FA-85D3F830CE8C}.Release|Any CPU.Build.0 = Release|Any CPU
	EndGlobalSection
	GlobalSection(SolutionProperties) = preSolution
		HideSolutionNode = FALSE
	EndGlobalSection
	GlobalSection(ExtensibilityGlobals) = postSolution
		SolutionGuid = {2A6F1B7D-7EED-4A4D-AB26-0DC3935D1642}
	EndGlobalSection
EndGlobal
